# This file was autogenerated by Stack.
# You should not edit this file by hand.
# For more information, please see the documentation at:
#   https://docs.haskellstack.org/en/stable/lock_files

packages:
- completed:
    hackage: HUnit-1.6.2.0@sha256:1a79174e8af616117ad39464cac9de205ca923da6582825e97c10786fda933a4,1588
    pantry-tree:
      sha256: 4f20a5a33866171260d0ee1e256c27f53cc84d37a68d498c3e12347f4e3d05b4
      size: 878
  original:
    hackage: HUnit-1.6.2.0
- completed:
    hackage: tasty-1.4.3@sha256:5b53fded93109f6704b599c3498eb73c5b0ed1a975f1912dd98b4b19c61f8bc9,2653
    pantry-tree:
      sha256: 99e16394d2260ea67187c474521321cef3db4a3e02b9d4efaacebad3cd936dbe
      size: 1944
  original:
    hackage: tasty-1.4.3
- completed:
    hackage: tasty-hunit-0.10.0.3@sha256:ba774024f3a26100c559dbef41e030bdf443408ed848691f7b9aa85b6fb218c3,1545
    pantry-tree:
      sha256: c82bce9c756f82fa9221fc2f89b8fa52858d630a388b9288af90cb0c03e084de
      size: 399
  original:
    hackage: tasty-hunit-0.10.0.3
- completed:
    hackage: tasty-quickcheck-0.10.2@sha256:76bf07f500e258903e9a1df6f19788e0ef75e83f33ebe6b6b14b287418e0b7c1,1629
    pantry-tree:
      sha256: cf56f9e6b08abce2e520d4147b0ab15372c8d6e84baaa3590d2943cb6124e247
      size: 332
  original:
    hackage: tasty-quickcheck-0.10.2
snapshots:
- completed:
    sha256: 2fc12a405ab6f7eac73eb11a0ca5ccca0e956bd2848db780c140b7406ff9ebb5
    size: 640035
    url: https://raw.githubusercontent.com/commercialhaskell/stackage-snapshots/master/lts/21/9.yaml
  original:
    url: https://raw.githubusercontent.com/commercialhaskell/stackage-snapshots/master/lts/21/9.yaml
